// !$*UTF8*$!
{
	archiveVersion = 1;
	classes = {
	};
	objectVersion = 51;
	objects = {

/* Begin PBXBuildFile section */
		02AA798C727479290B6D6928 /* Pods_Dubai_KMCC.framework in Frameworks */ = {isa = PBXBuildFile; fileRef = A3FA483DC90988575BAA6575 /* Pods_Dubai_KMCC.framework */; };
		0B032A00C1E2FA415657B2AE /* Pods_Dubai_KMCC_Dubai_KMCCUITests.framework in Frameworks */ = {isa = PBXBuildFile; fileRef = 58C26B0F3741FCBF1BC9EA1E /* Pods_Dubai_KMCC_Dubai_KMCCUITests.framework */; };
		1822452C25971FB100A90E0E /* GalleryCell.swift in Sources */ = {isa = PBXBuildFile; fileRef = 1822452A25971FB000A90E0E /* GalleryCell.swift */; };
		1822452D25971FB100A90E0E /* GalleryCell.xib in Resources */ = {isa = PBXBuildFile; fileRef = 1822452B25971FB100A90E0E /* GalleryCell.xib */; };
		1822454925972A1C00A90E0E /* NotificationViewController.swift in Sources */ = {isa = PBXBuildFile; fileRef = 1822454625972A1B00A90E0E /* NotificationViewController.swift */; };
		1822454A25972A1C00A90E0E /* GalleryViewController.swift in Sources */ = {isa = PBXBuildFile; fileRef = 1822454825972A1B00A90E0E /* GalleryViewController.swift */; };
		1822455325972A4000A90E0E /* NotificationCell.swift in Sources */ = {isa = PBXBuildFile; fileRef = 1822455125972A4000A90E0E /* NotificationCell.swift */; };
		1822455425972A4000A90E0E /* NotificationCell.xib in Resources */ = {isa = PBXBuildFile; fileRef = 1822455225972A4000A90E0E /* NotificationCell.xib */; };
		182245602597391F00A90E0E /* LoginViewController.swift in Sources */ = {isa = PBXBuildFile; fileRef = 1822455F2597391F00A90E0E /* LoginViewController.swift */; };
		183613322595E48C005C1643 /* Avenir-Book.otf in Resources */ = {isa = PBXBuildFile; fileRef = 1836132F2595E48C005C1643 /* Avenir-Book.otf */; };
		183613332595E48C005C1643 /* Avenir-Medium.otf in Resources */ = {isa = PBXBuildFile; fileRef = 183613302595E48C005C1643 /* Avenir-Medium.otf */; };
		183613342595E48C005C1643 /* Avenir-Roman.otf in Resources */ = {isa = PBXBuildFile; fileRef = 183613312595E48C005C1643 /* Avenir-Roman.otf */; };
		18361358259611E0005C1643 /* Extensions.swift in Sources */ = {isa = PBXBuildFile; fileRef = 18361357259611E0005C1643 /* Extensions.swift */; };
		1884297C25974D840001F884 /* SignUpViewController.swift in Sources */ = {isa = PBXBuildFile; fileRef = 1884297B25974D840001F884 /* SignUpViewController.swift */; };
		1884298125975CB00001F884 /* Constant.swift in Sources */ = {isa = PBXBuildFile; fileRef = 1884298025975CAF0001F884 /* Constant.swift */; };
		188429862597681A0001F884 /* AboutUsViewController.swift in Sources */ = {isa = PBXBuildFile; fileRef = 188429852597681A0001F884 /* AboutUsViewController.swift */; };
		1884298F25976C170001F884 /* ForgotPasswordViewController.swift in Sources */ = {isa = PBXBuildFile; fileRef = 1884298E25976C170001F884 /* ForgotPasswordViewController.swift */; };
		18842994259778CB0001F884 /* SchemeRegiViewController.swift in Sources */ = {isa = PBXBuildFile; fileRef = 18842993259778CB0001F884 /* SchemeRegiViewController.swift */; };
		18842999259778D80001F884 /* MyProfileViewController.swift in Sources */ = {isa = PBXBuildFile; fileRef = 18842998259778D80001F884 /* MyProfileViewController.swift */; };
		188429A9259779220001F884 /* PaymentHistoryViewController.swift in Sources */ = {isa = PBXBuildFile; fileRef = 188429A8259779220001F884 /* PaymentHistoryViewController.swift */; };
		188429AE259779380001F884 /* PayRequestViewController.swift in Sources */ = {isa = PBXBuildFile; fileRef = 188429AD259779380001F884 /* PayRequestViewController.swift */; };
		188429B32597794D0001F884 /* RenewCardViewController.swift in Sources */ = {isa = PBXBuildFile; fileRef = 188429B22597794D0001F884 /* RenewCardViewController.swift */; };
		18D22E0B2599BBCA000011B4 /* DateHeader.swift in Sources */ = {isa = PBXBuildFile; fileRef = 18D22E092599BBCA000011B4 /* DateHeader.swift */; };
		18D22E0C2599BBCB000011B4 /* DateHeader.xib in Resources */ = {isa = PBXBuildFile; fileRef = 18D22E0A2599BBCA000011B4 /* DateHeader.xib */; };
		18D22E122599C2CE000011B4 /* ActionCell.swift in Sources */ = {isa = PBXBuildFile; fileRef = 18D22E102599C2CE000011B4 /* ActionCell.swift */; };
		18D22E132599C2CE000011B4 /* ActionCell.xib in Resources */ = {isa = PBXBuildFile; fileRef = 18D22E112599C2CE000011B4 /* ActionCell.xib */; };
		18D22E202599C7CA000011B4 /* PaymentHisCell.swift in Sources */ = {isa = PBXBuildFile; fileRef = 18D22E1E2599C7C9000011B4 /* PaymentHisCell.swift */; };
		18D22E212599C7CA000011B4 /* PaymentHisCell.xib in Resources */ = {isa = PBXBuildFile; fileRef = 18D22E1F2599C7C9000011B4 /* PaymentHisCell.xib */; };
		18EF430E2595B52D00314F02 /* Main.storyboard in Resources */ = {isa = PBXBuildFile; fileRef = 18EF430C2595B52D00314F02 /* Main.storyboard */; };
		18EF43102595B53100314F02 /* Assets.xcassets in Resources */ = {isa = PBXBuildFile; fileRef = 18EF430F2595B53100314F02 /* Assets.xcassets */; };
		18EF43132595B53100314F02 /* LaunchScreen.storyboard in Resources */ = {isa = PBXBuildFile; fileRef = 18EF43112595B53100314F02 /* LaunchScreen.storyboard */; };
		18EF431E2595B53200314F02 /* Dubai_KMCCTests.swift in Sources */ = {isa = PBXBuildFile; fileRef = 18EF431D2595B53200314F02 /* Dubai_KMCCTests.swift */; };
		18EF43292595B53200314F02 /* Dubai_KMCCUITests.swift in Sources */ = {isa = PBXBuildFile; fileRef = 18EF43282595B53200314F02 /* Dubai_KMCCUITests.swift */; };
		18EF435C2595BB5F00314F02 /* MenuViewController.swift in Sources */ = {isa = PBXBuildFile; fileRef = 18EF435B2595BB5F00314F02 /* MenuViewController.swift */; };
		18EF43672595BC1100314F02 /* AppDelegate.swift in Sources */ = {isa = PBXBuildFile; fileRef = 18EF43662595BC1000314F02 /* AppDelegate.swift */; };
		18EF438A2595BC4600314F02 /* HomeViewController.swift in Sources */ = {isa = PBXBuildFile; fileRef = 18EF43892595BC4600314F02 /* HomeViewController.swift */; };
		44B9A0D07561FA43D75BF3B8 /* Pods_Dubai_KMCCTests.framework in Frameworks */ = {isa = PBXBuildFile; fileRef = 72ABB2BC518FD5A4E8663448 /* Pods_Dubai_KMCCTests.framework */; };
/* End PBXBuildFile section */

/* Begin PBXContainerItemProxy section */
		18EF431A2595B53200314F02 /* PBXContainerItemProxy */ = {
			isa = PBXContainerItemProxy;
			containerPortal = 18EF42FB2595B52D00314F02 /* Project object */;
			proxyType = 1;
			remoteGlobalIDString = 18EF43022595B52D00314F02;
			remoteInfo = "Dubai KMCC";
		};
		18EF43252595B53200314F02 /* PBXContainerItemProxy */ = {
			isa = PBXContainerItemProxy;
			containerPortal = 18EF42FB2595B52D00314F02 /* Project object */;
			proxyType = 1;
			remoteGlobalIDString = 18EF43022595B52D00314F02;
			remoteInfo = "Dubai KMCC";
		};
/* End PBXContainerItemProxy section */

/* Begin PBXFileReference section */
		12625783B367B3F8A6D0F47D /* Pods-Dubai KMCC-Dubai KMCCUITests.release.xcconfig */ = {isa = PBXFileReference; includeInIndex = 1; lastKnownFileType = text.xcconfig; name = "Pods-Dubai KMCC-Dubai KMCCUITests.release.xcconfig"; path = "Target Support Files/Pods-Dubai KMCC-Dubai KMCCUITests/Pods-Dubai KMCC-Dubai KMCCUITests.release.xcconfig"; sourceTree = "<group>"; };
		1822452A25971FB000A90E0E /* GalleryCell.swift */ = {isa = PBXFileReference; lastKnownFileType = sourcecode.swift; path = GalleryCell.swift; sourceTree = "<group>"; };
		1822452B25971FB100A90E0E /* GalleryCell.xib */ = {isa = PBXFileReference; lastKnownFileType = file.xib; path = GalleryCell.xib; sourceTree = "<group>"; };
		1822454625972A1B00A90E0E /* NotificationViewController.swift */ = {isa = PBXFileReference; fileEncoding = 4; lastKnownFileType = sourcecode.swift; path = NotificationViewController.swift; sourceTree = "<group>"; };
		1822454825972A1B00A90E0E /* GalleryViewController.swift */ = {isa = PBXFileReference; fileEncoding = 4; lastKnownFileType = sourcecode.swift; path = GalleryViewController.swift; sourceTree = "<group>"; };
		1822455125972A4000A90E0E /* NotificationCell.swift */ = {isa = PBXFileReference; lastKnownFileType = sourcecode.swift; path = NotificationCell.swift; sourceTree = "<group>"; };
		1822455225972A4000A90E0E /* NotificationCell.xib */ = {isa = PBXFileReference; lastKnownFileType = file.xib; path = NotificationCell.xib; sourceTree = "<group>"; };
		1822455F2597391F00A90E0E /* LoginViewController.swift */ = {isa = PBXFileReference; lastKnownFileType = sourcecode.swift; path = LoginViewController.swift; sourceTree = "<group>"; };
		1836132F2595E48C005C1643 /* Avenir-Book.otf */ = {isa = PBXFileReference; lastKnownFileType = file; path = "Avenir-Book.otf"; sourceTree = "<group>"; };
		183613302595E48C005C1643 /* Avenir-Medium.otf */ = {isa = PBXFileReference; lastKnownFileType = file; path = "Avenir-Medium.otf"; sourceTree = "<group>"; };
		183613312595E48C005C1643 /* Avenir-Roman.otf */ = {isa = PBXFileReference; lastKnownFileType = file; path = "Avenir-Roman.otf"; sourceTree = "<group>"; };
		18361357259611E0005C1643 /* Extensions.swift */ = {isa = PBXFileReference; lastKnownFileType = sourcecode.swift; path = Extensions.swift; sourceTree = "<group>"; };
		1884297B25974D840001F884 /* SignUpViewController.swift */ = {isa = PBXFileReference; lastKnownFileType = sourcecode.swift; path = SignUpViewController.swift; sourceTree = "<group>"; };
		1884298025975CAF0001F884 /* Constant.swift */ = {isa = PBXFileReference; fileEncoding = 4; lastKnownFileType = sourcecode.swift; path = Constant.swift; sourceTree = "<group>"; };
		188429852597681A0001F884 /* AboutUsViewController.swift */ = {isa = PBXFileReference; lastKnownFileType = sourcecode.swift; path = AboutUsViewController.swift; sourceTree = "<group>"; };
		1884298E25976C170001F884 /* ForgotPasswordViewController.swift */ = {isa = PBXFileReference; lastKnownFileType = sourcecode.swift; path = ForgotPasswordViewController.swift; sourceTree = "<group>"; };
		18842993259778CB0001F884 /* SchemeRegiViewController.swift */ = {isa = PBXFileReference; lastKnownFileType = sourcecode.swift; path = SchemeRegiViewController.swift; sourceTree = "<group>"; };
		18842998259778D80001F884 /* MyProfileViewController.swift */ = {isa = PBXFileReference; lastKnownFileType = sourcecode.swift; path = MyProfileViewController.swift; sourceTree = "<group>"; };
		188429A8259779220001F884 /* PaymentHistoryViewController.swift */ = {isa = PBXFileReference; lastKnownFileType = sourcecode.swift; path = PaymentHistoryViewController.swift; sourceTree = "<group>"; };
		188429AD259779380001F884 /* PayRequestViewController.swift */ = {isa = PBXFileReference; lastKnownFileType = sourcecode.swift; path = PayRequestViewController.swift; sourceTree = "<group>"; };
		188429B22597794D0001F884 /* RenewCardViewController.swift */ = {isa = PBXFileReference; lastKnownFileType = sourcecode.swift; path = RenewCardViewController.swift; sourceTree = "<group>"; };
		18D22E092599BBCA000011B4 /* DateHeader.swift */ = {isa = PBXFileReference; lastKnownFileType = sourcecode.swift; path = DateHeader.swift; sourceTree = "<group>"; };
		18D22E0A2599BBCA000011B4 /* DateHeader.xib */ = {isa = PBXFileReference; lastKnownFileType = file.xib; path = DateHeader.xib; sourceTree = "<group>"; };
		18D22E102599C2CE000011B4 /* ActionCell.swift */ = {isa = PBXFileReference; lastKnownFileType = sourcecode.swift; path = ActionCell.swift; sourceTree = "<group>"; };
		18D22E112599C2CE000011B4 /* ActionCell.xib */ = {isa = PBXFileReference; lastKnownFileType = file.xib; path = ActionCell.xib; sourceTree = "<group>"; };
		18D22E1E2599C7C9000011B4 /* PaymentHisCell.swift */ = {isa = PBXFileReference; lastKnownFileType = sourcecode.swift; path = PaymentHisCell.swift; sourceTree = "<group>"; };
		18D22E1F2599C7C9000011B4 /* PaymentHisCell.xib */ = {isa = PBXFileReference; lastKnownFileType = file.xib; path = PaymentHisCell.xib; sourceTree = "<group>"; };
		18EF43032595B52D00314F02 /* Dubai KMCC.app */ = {isa = PBXFileReference; explicitFileType = wrapper.application; includeInIndex = 0; path = "Dubai KMCC.app"; sourceTree = BUILT_PRODUCTS_DIR; };
		18EF430D2595B52D00314F02 /* Base */ = {isa = PBXFileReference; lastKnownFileType = file.storyboard; name = Base; path = Base.lproj/Main.storyboard; sourceTree = "<group>"; };
		18EF430F2595B53100314F02 /* Assets.xcassets */ = {isa = PBXFileReference; lastKnownFileType = folder.assetcatalog; path = Assets.xcassets; sourceTree = "<group>"; };
		18EF43122595B53100314F02 /* Base */ = {isa = PBXFileReference; lastKnownFileType = file.storyboard; name = Base; path = Base.lproj/LaunchScreen.storyboard; sourceTree = "<group>"; };
		18EF43142595B53100314F02 /* Info.plist */ = {isa = PBXFileReference; lastKnownFileType = text.plist.xml; path = Info.plist; sourceTree = "<group>"; };
		18EF43192595B53200314F02 /* Dubai KMCCTests.xctest */ = {isa = PBXFileReference; explicitFileType = wrapper.cfbundle; includeInIndex = 0; path = "Dubai KMCCTests.xctest"; sourceTree = BUILT_PRODUCTS_DIR; };
		18EF431D2595B53200314F02 /* Dubai_KMCCTests.swift */ = {isa = PBXFileReference; lastKnownFileType = sourcecode.swift; path = Dubai_KMCCTests.swift; sourceTree = "<group>"; };
		18EF431F2595B53200314F02 /* Info.plist */ = {isa = PBXFileReference; lastKnownFileType = text.plist.xml; path = Info.plist; sourceTree = "<group>"; };
		18EF43242595B53200314F02 /* Dubai KMCCUITests.xctest */ = {isa = PBXFileReference; explicitFileType = wrapper.cfbundle; includeInIndex = 0; path = "Dubai KMCCUITests.xctest"; sourceTree = BUILT_PRODUCTS_DIR; };
		18EF43282595B53200314F02 /* Dubai_KMCCUITests.swift */ = {isa = PBXFileReference; lastKnownFileType = sourcecode.swift; path = Dubai_KMCCUITests.swift; sourceTree = "<group>"; };
		18EF432A2595B53200314F02 /* Info.plist */ = {isa = PBXFileReference; lastKnownFileType = text.plist.xml; path = Info.plist; sourceTree = "<group>"; };
		18EF435B2595BB5F00314F02 /* MenuViewController.swift */ = {isa = PBXFileReference; fileEncoding = 4; lastKnownFileType = sourcecode.swift; path = MenuViewController.swift; sourceTree = "<group>"; };
		18EF43662595BC1000314F02 /* AppDelegate.swift */ = {isa = PBXFileReference; fileEncoding = 4; lastKnownFileType = sourcecode.swift; path = AppDelegate.swift; sourceTree = "<group>"; };
		18EF43892595BC4600314F02 /* HomeViewController.swift */ = {isa = PBXFileReference; fileEncoding = 4; lastKnownFileType = sourcecode.swift; path = HomeViewController.swift; sourceTree = "<group>"; };
		58C26B0F3741FCBF1BC9EA1E /* Pods_Dubai_KMCC_Dubai_KMCCUITests.framework */ = {isa = PBXFileReference; explicitFileType = wrapper.framework; includeInIndex = 0; path = Pods_Dubai_KMCC_Dubai_KMCCUITests.framework; sourceTree = BUILT_PRODUCTS_DIR; };
		72ABB2BC518FD5A4E8663448 /* Pods_Dubai_KMCCTests.framework */ = {isa = PBXFileReference; explicitFileType = wrapper.framework; includeInIndex = 0; path = Pods_Dubai_KMCCTests.framework; sourceTree = BUILT_PRODUCTS_DIR; };
		7D6F7B7A171F0BF53C586FD2 /* Pods-Dubai KMCC-Dubai KMCCUITests.debug.xcconfig */ = {isa = PBXFileReference; includeInIndex = 1; lastKnownFileType = text.xcconfig; name = "Pods-Dubai KMCC-Dubai KMCCUITests.debug.xcconfig"; path = "Target Support Files/Pods-Dubai KMCC-Dubai KMCCUITests/Pods-Dubai KMCC-Dubai KMCCUITests.debug.xcconfig"; sourceTree = "<group>"; };
		A3FA483DC90988575BAA6575 /* Pods_Dubai_KMCC.framework */ = {isa = PBXFileReference; explicitFileType = wrapper.framework; includeInIndex = 0; path = Pods_Dubai_KMCC.framework; sourceTree = BUILT_PRODUCTS_DIR; };
		B4050681E54F63855C968983 /* Pods-Dubai KMCCTests.debug.xcconfig */ = {isa = PBXFileReference; includeInIndex = 1; lastKnownFileType = text.xcconfig; name = "Pods-Dubai KMCCTests.debug.xcconfig"; path = "Target Support Files/Pods-Dubai KMCCTests/Pods-Dubai KMCCTests.debug.xcconfig"; sourceTree = "<group>"; };
		C4E3C7B27EDDA6B2572F4F74 /* Pods-Dubai KMCC.release.xcconfig */ = {isa = PBXFileReference; includeInIndex = 1; lastKnownFileType = text.xcconfig; name = "Pods-Dubai KMCC.release.xcconfig"; path = "Target Support Files/Pods-Dubai KMCC/Pods-Dubai KMCC.release.xcconfig"; sourceTree = "<group>"; };
		DF688CFE497087BF67EB301B /* Pods-Dubai KMCCTests.release.xcconfig */ = {isa = PBXFileReference; includeInIndex = 1; lastKnownFileType = text.xcconfig; name = "Pods-Dubai KMCCTests.release.xcconfig"; path = "Target Support Files/Pods-Dubai KMCCTests/Pods-Dubai KMCCTests.release.xcconfig"; sourceTree = "<group>"; };
		FE675B07B1DA881DBBAB96B5 /* Pods-Dubai KMCC.debug.xcconfig */ = {isa = PBXFileReference; includeInIndex = 1; lastKnownFileType = text.xcconfig; name = "Pods-Dubai KMCC.debug.xcconfig"; path = "Target Support Files/Pods-Dubai KMCC/Pods-Dubai KMCC.debug.xcconfig"; sourceTree = "<group>"; };
/* End PBXFileReference section */

/* Begin PBXFrameworksBuildPhase section */
		18EF43002595B52D00314F02 /* Frameworks */ = {
			isa = PBXFrameworksBuildPhase;
			buildActionMask = 2147483647;
			files = (
				02AA798C727479290B6D6928 /* Pods_Dubai_KMCC.framework in Frameworks */,
			);
			runOnlyForDeploymentPostprocessing = 0;
		};
		18EF43162595B53200314F02 /* Frameworks */ = {
			isa = PBXFrameworksBuildPhase;
			buildActionMask = 2147483647;
			files = (
				44B9A0D07561FA43D75BF3B8 /* Pods_Dubai_KMCCTests.framework in Frameworks */,
			);
			runOnlyForDeploymentPostprocessing = 0;
		};
		18EF43212595B53200314F02 /* Frameworks */ = {
			isa = PBXFrameworksBuildPhase;
			buildActionMask = 2147483647;
			files = (
				0B032A00C1E2FA415657B2AE /* Pods_Dubai_KMCC_Dubai_KMCCUITests.framework in Frameworks */,
			);
			runOnlyForDeploymentPostprocessing = 0;
		};
/* End PBXFrameworksBuildPhase section */

/* Begin PBXGroup section */
		1822452625971F0C00A90E0E /* Cotroller */ = {
			isa = PBXGroup;
			children = (
				18EF43882595BC4600314F02 /* SideMenuViewController */,
				1822454725972A1B00A90E0E /* GalleryView */,
				1822454525972A1B00A90E0E /* NotificationView */,
				182245612597392600A90E0E /* LoginView */,
				188429B7259779720001F884 /* PaymentHistoryView */,
				188429B82597798A0001F884 /* PayRequestView */,
				188429BC2597799F0001F884 /* RenewCardView */,
			);
			path = Cotroller;
			sourceTree = "<group>";
		};
		1822453125971FBC00A90E0E /* Views */ = {
			isa = PBXGroup;
			children = (
				1822453525971FC800A90E0E /* GalleryCell */,
				1822455825972A4900A90E0E /* NotificationCell */,
				18D22E082599BA1B000011B4 /* PaymentHistoryCell */,
				18D22E172599C2D7000011B4 /* ActionCell */,
			);
			path = Views;
			sourceTree = "<group>";
		};
		1822453525971FC800A90E0E /* GalleryCell */ = {
			isa = PBXGroup;
			children = (
				1822452A25971FB000A90E0E /* GalleryCell.swift */,
				1822452B25971FB100A90E0E /* GalleryCell.xib */,
			);
			path = GalleryCell;
			sourceTree = "<group>";
		};
		1822454525972A1B00A90E0E /* NotificationView */ = {
			isa = PBXGroup;
			children = (
				1822454625972A1B00A90E0E /* NotificationViewController.swift */,
			);
			path = NotificationView;
			sourceTree = "<group>";
		};
		1822454725972A1B00A90E0E /* GalleryView */ = {
			isa = PBXGroup;
			children = (
				1822454825972A1B00A90E0E /* GalleryViewController.swift */,
			);
			path = GalleryView;
			sourceTree = "<group>";
		};
		1822455825972A4900A90E0E /* NotificationCell */ = {
			isa = PBXGroup;
			children = (
				1822455125972A4000A90E0E /* NotificationCell.swift */,
				1822455225972A4000A90E0E /* NotificationCell.xib */,
			);
			path = NotificationCell;
			sourceTree = "<group>";
		};
		182245612597392600A90E0E /* LoginView */ = {
			isa = PBXGroup;
			children = (
				1822455F2597391F00A90E0E /* LoginViewController.swift */,
				1884297B25974D840001F884 /* SignUpViewController.swift */,
				1884298E25976C170001F884 /* ForgotPasswordViewController.swift */,
			);
			path = LoginView;
			sourceTree = "<group>";
		};
		1836132D2595E45E005C1643 /* Font */ = {
			isa = PBXGroup;
			children = (
				1836132F2595E48C005C1643 /* Avenir-Book.otf */,
				183613302595E48C005C1643 /* Avenir-Medium.otf */,
				183613312595E48C005C1643 /* Avenir-Roman.otf */,
			);
			path = Font;
			sourceTree = "<group>";
		};
		1836132E2595E46C005C1643 /* Extra */ = {
			isa = PBXGroup;
			children = (
				1836132D2595E45E005C1643 /* Font */,
				18361357259611E0005C1643 /* Extensions.swift */,
				1884298025975CAF0001F884 /* Constant.swift */,
			);
			path = Extra;
			sourceTree = "<group>";
		};
		1884298A259768340001F884 /* AboutUsView */ = {
			isa = PBXGroup;
			children = (
				188429852597681A0001F884 /* AboutUsViewController.swift */,
			);
			path = AboutUsView;
			sourceTree = "<group>";
		};
		1884299D259778E40001F884 /* SchemeRegistrationView */ = {
			isa = PBXGroup;
			children = (
				18842993259778CB0001F884 /* SchemeRegiViewController.swift */,
			);
			path = SchemeRegistrationView;
			sourceTree = "<group>";
		};
		188429A1259778FA0001F884 /* MyProfile */ = {
			isa = PBXGroup;
			children = (
				18842998259778D80001F884 /* MyProfileViewController.swift */,
			);
			path = MyProfile;
			sourceTree = "<group>";
		};
		188429B7259779720001F884 /* PaymentHistoryView */ = {
			isa = PBXGroup;
			children = (
				188429A8259779220001F884 /* PaymentHistoryViewController.swift */,
			);
			path = PaymentHistoryView;
			sourceTree = "<group>";
		};
		188429B82597798A0001F884 /* PayRequestView */ = {
			isa = PBXGroup;
			children = (
				188429AD259779380001F884 /* PayRequestViewController.swift */,
			);
			path = PayRequestView;
			sourceTree = "<group>";
		};
		188429BC2597799F0001F884 /* RenewCardView */ = {
			isa = PBXGroup;
			children = (
				188429B22597794D0001F884 /* RenewCardViewController.swift */,
			);
			path = RenewCardView;
			sourceTree = "<group>";
		};
		18D22E082599BA1B000011B4 /* PaymentHistoryCell */ = {
			isa = PBXGroup;
			children = (
				18D22E092599BBCA000011B4 /* DateHeader.swift */,
				18D22E0A2599BBCA000011B4 /* DateHeader.xib */,
				18D22E1E2599C7C9000011B4 /* PaymentHisCell.swift */,
				18D22E1F2599C7C9000011B4 /* PaymentHisCell.xib */,
			);
			path = PaymentHistoryCell;
			sourceTree = "<group>";
		};
		18D22E172599C2D7000011B4 /* ActionCell */ = {
			isa = PBXGroup;
			children = (
				18D22E102599C2CE000011B4 /* ActionCell.swift */,
				18D22E112599C2CE000011B4 /* ActionCell.xib */,
			);
			path = ActionCell;
			sourceTree = "<group>";
		};
		18EF42FA2595B52D00314F02 = {
			isa = PBXGroup;
			children = (
				18EF43052595B52D00314F02 /* Dubai KMCC */,
				18EF431C2595B53200314F02 /* Dubai KMCCTests */,
				18EF43272595B53200314F02 /* Dubai KMCCUITests */,
				18EF43042595B52D00314F02 /* Products */,
				4E5AE02803BDCDA52792792D /* Pods */,
				4F29725FF90FBAA68A585255 /* Frameworks */,
			);
			sourceTree = "<group>";
		};
		18EF43042595B52D00314F02 /* Products */ = {
			isa = PBXGroup;
			children = (
				18EF43032595B52D00314F02 /* Dubai KMCC.app */,
				18EF43192595B53200314F02 /* Dubai KMCCTests.xctest */,
				18EF43242595B53200314F02 /* Dubai KMCCUITests.xctest */,
			);
			name = Products;
			sourceTree = "<group>";
		};
		18EF43052595B52D00314F02 /* Dubai KMCC */ = {
			isa = PBXGroup;
			children = (
				18EF43662595BC1000314F02 /* AppDelegate.swift */,
				1836132E2595E46C005C1643 /* Extra */,
				1822453125971FBC00A90E0E /* Views */,
				18EF435A2595BB5F00314F02 /* SideMenu */,
				1822452625971F0C00A90E0E /* Cotroller */,
				18EF430C2595B52D00314F02 /* Main.storyboard */,
				18EF430F2595B53100314F02 /* Assets.xcassets */,
				18EF43112595B53100314F02 /* LaunchScreen.storyboard */,
				18EF43142595B53100314F02 /* Info.plist */,
			);
			path = "Dubai KMCC";
			sourceTree = "<group>";
		};
		18EF431C2595B53200314F02 /* Dubai KMCCTests */ = {
			isa = PBXGroup;
			children = (
				18EF431D2595B53200314F02 /* Dubai_KMCCTests.swift */,
				18EF431F2595B53200314F02 /* Info.plist */,
			);
			path = "Dubai KMCCTests";
			sourceTree = "<group>";
		};
		18EF43272595B53200314F02 /* Dubai KMCCUITests */ = {
			isa = PBXGroup;
			children = (
				18EF43282595B53200314F02 /* Dubai_KMCCUITests.swift */,
				18EF432A2595B53200314F02 /* Info.plist */,
			);
			path = "Dubai KMCCUITests";
			sourceTree = "<group>";
		};
		18EF435A2595BB5F00314F02 /* SideMenu */ = {
			isa = PBXGroup;
			children = (
				18EF435B2595BB5F00314F02 /* MenuViewController.swift */,
			);
			path = SideMenu;
			sourceTree = "<group>";
		};
		18EF43882595BC4600314F02 /* SideMenuViewController */ = {
			isa = PBXGroup;
			children = (
				18EF43912595BC5600314F02 /* HomeView */,
				1884298A259768340001F884 /* AboutUsView */,
				1884299D259778E40001F884 /* SchemeRegistrationView */,
				188429A1259778FA0001F884 /* MyProfile */,
			);
			path = SideMenuViewController;
			sourceTree = "<group>";
		};
		18EF43912595BC5600314F02 /* HomeView */ = {
			isa = PBXGroup;
			children = (
				18EF43892595BC4600314F02 /* HomeViewController.swift */,
			);
			path = HomeView;
			sourceTree = "<group>";
		};
		4E5AE02803BDCDA52792792D /* Pods */ = {
			isa = PBXGroup;
			children = (
				FE675B07B1DA881DBBAB96B5 /* Pods-Dubai KMCC.debug.xcconfig */,
				C4E3C7B27EDDA6B2572F4F74 /* Pods-Dubai KMCC.release.xcconfig */,
				7D6F7B7A171F0BF53C586FD2 /* Pods-Dubai KMCC-Dubai KMCCUITests.debug.xcconfig */,
				12625783B367B3F8A6D0F47D /* Pods-Dubai KMCC-Dubai KMCCUITests.release.xcconfig */,
				B4050681E54F63855C968983 /* Pods-Dubai KMCCTests.debug.xcconfig */,
				DF688CFE497087BF67EB301B /* Pods-Dubai KMCCTests.release.xcconfig */,
			);
			path = Pods;
			sourceTree = "<group>";
		};
		4F29725FF90FBAA68A585255 /* Frameworks */ = {
			isa = PBXGroup;
			children = (
				A3FA483DC90988575BAA6575 /* Pods_Dubai_KMCC.framework */,
				58C26B0F3741FCBF1BC9EA1E /* Pods_Dubai_KMCC_Dubai_KMCCUITests.framework */,
				72ABB2BC518FD5A4E8663448 /* Pods_Dubai_KMCCTests.framework */,
			);
			name = Frameworks;
			sourceTree = "<group>";
		};
/* End PBXGroup section */

/* Begin PBXNativeTarget section */
		18EF43022595B52D00314F02 /* Dubai KMCC */ = {
			isa = PBXNativeTarget;
			buildConfigurationList = 18EF432D2595B53200314F02 /* Build configuration list for PBXNativeTarget "Dubai KMCC" */;
			buildPhases = (
				B6882B7A870BE021CF7FFF13 /* [CP] Check Pods Manifest.lock */,
				18EF42FF2595B52D00314F02 /* Sources */,
				18EF43002595B52D00314F02 /* Frameworks */,
				18EF43012595B52D00314F02 /* Resources */,
				9EA4EF80DEF783BAED636A30 /* [CP] Embed Pods Frameworks */,
			);
			buildRules = (
			);
			dependencies = (
			);
			name = "Dubai KMCC";
			productName = "Dubai KMCC";
			productReference = 18EF43032595B52D00314F02 /* Dubai KMCC.app */;
			productType = "com.apple.product-type.application";
		};
		18EF43182595B53200314F02 /* Dubai KMCCTests */ = {
			isa = PBXNativeTarget;
			buildConfigurationList = 18EF43302595B53200314F02 /* Build configuration list for PBXNativeTarget "Dubai KMCCTests" */;
			buildPhases = (
				7C37B59D7D434B67670ABBA7 /* [CP] Check Pods Manifest.lock */,
				18EF43152595B53200314F02 /* Sources */,
				18EF43162595B53200314F02 /* Frameworks */,
				18EF43172595B53200314F02 /* Resources */,
			);
			buildRules = (
			);
			dependencies = (
				18EF431B2595B53200314F02 /* PBXTargetDependency */,
			);
			name = "Dubai KMCCTests";
			productName = "Dubai KMCCTests";
			productReference = 18EF43192595B53200314F02 /* Dubai KMCCTests.xctest */;
			productType = "com.apple.product-type.bundle.unit-test";
		};
		18EF43232595B53200314F02 /* Dubai KMCCUITests */ = {
			isa = PBXNativeTarget;
			buildConfigurationList = 18EF43332595B53200314F02 /* Build configuration list for PBXNativeTarget "Dubai KMCCUITests" */;
			buildPhases = (
				7331770568B7DA5FBBB26745 /* [CP] Check Pods Manifest.lock */,
				18EF43202595B53200314F02 /* Sources */,
				18EF43212595B53200314F02 /* Frameworks */,
				18EF43222595B53200314F02 /* Resources */,
				33CAFDA7E2D13F4B7931329B /* [CP] Embed Pods Frameworks */,
			);
			buildRules = (
			);
			dependencies = (
				18EF43262595B53200314F02 /* PBXTargetDependency */,
			);
			name = "Dubai KMCCUITests";
			productName = "Dubai KMCCUITests";
			productReference = 18EF43242595B53200314F02 /* Dubai KMCCUITests.xctest */;
			productType = "com.apple.product-type.bundle.ui-testing";
		};
/* End PBXNativeTarget section */

/* Begin PBXProject section */
		18EF42FB2595B52D00314F02 /* Project object */ = {
			isa = PBXProject;
			attributes = {
				LastSwiftUpdateCheck = 1220;
				LastUpgradeCheck = 1220;
				TargetAttributes = {
					18EF43022595B52D00314F02 = {
						CreatedOnToolsVersion = 12.2;
					};
					18EF43182595B53200314F02 = {
						CreatedOnToolsVersion = 12.2;
						TestTargetID = 18EF43022595B52D00314F02;
					};
					18EF43232595B53200314F02 = {
						CreatedOnToolsVersion = 12.2;
						TestTargetID = 18EF43022595B52D00314F02;
					};
				};
			};
			buildConfigurationList = 18EF42FE2595B52D00314F02 /* Build configuration list for PBXProject "Dubai KMCC" */;
			compatibilityVersion = "Xcode 9.3";
			developmentRegion = en;
			hasScannedForEncodings = 0;
			knownRegions = (
				en,
				Base,
			);
			mainGroup = 18EF42FA2595B52D00314F02;
			productRefGroup = 18EF43042595B52D00314F02 /* Products */;
			projectDirPath = "";
			projectRoot = "";
			targets = (
				18EF43022595B52D00314F02 /* Dubai KMCC */,
				18EF43182595B53200314F02 /* Dubai KMCCTests */,
				18EF43232595B53200314F02 /* Dubai KMCCUITests */,
			);
		};
/* End PBXProject section */

/* Begin PBXResourcesBuildPhase section */
		18EF43012595B52D00314F02 /* Resources */ = {
			isa = PBXResourcesBuildPhase;
			buildActionMask = 2147483647;
			files = (
				18EF43132595B53100314F02 /* LaunchScreen.storyboard in Resources */,
				18D22E212599C7CA000011B4 /* PaymentHisCell.xib in Resources */,
				18EF43102595B53100314F02 /* Assets.xcassets in Resources */,
				183613342595E48C005C1643 /* Avenir-Roman.otf in Resources */,
				18D22E132599C2CE000011B4 /* ActionCell.xib in Resources */,
				18EF430E2595B52D00314F02 /* Main.storyboard in Resources */,
				1822455425972A4000A90E0E /* NotificationCell.xib in Resources */,
				183613322595E48C005C1643 /* Avenir-Book.otf in Resources */,
				183613332595E48C005C1643 /* Avenir-Medium.otf in Resources */,
				18D22E0C2599BBCB000011B4 /* DateHeader.xib in Resources */,
				1822452D25971FB100A90E0E /* GalleryCell.xib in Resources */,
			);
			runOnlyForDeploymentPostprocessing = 0;
		};
		18EF43172595B53200314F02 /* Resources */ = {
			isa = PBXResourcesBuildPhase;
			buildActionMask = 2147483647;
			files = (
			);
			runOnlyForDeploymentPostprocessing = 0;
		};
		18EF43222595B53200314F02 /* Resources */ = {
			isa = PBXResourcesBuildPhase;
			buildActionMask = 2147483647;
			files = (
			);
			runOnlyForDeploymentPostprocessing = 0;
		};
/* End PBXResourcesBuildPhase section */

/* Begin PBXShellScriptBuildPhase section */
		33CAFDA7E2D13F4B7931329B /* [CP] Embed Pods Frameworks */ = {
			isa = PBXShellScriptBuildPhase;
			buildActionMask = 2147483647;
			files = (
			);
			inputFileListPaths = (
				"${PODS_ROOT}/Target Support Files/Pods-Dubai KMCC-Dubai KMCCUITests/Pods-Dubai KMCC-Dubai KMCCUITests-frameworks-${CONFIGURATION}-input-files.xcfilelist",
			);
			name = "[CP] Embed Pods Frameworks";
			outputFileListPaths = (
				"${PODS_ROOT}/Target Support Files/Pods-Dubai KMCC-Dubai KMCCUITests/Pods-Dubai KMCC-Dubai KMCCUITests-frameworks-${CONFIGURATION}-output-files.xcfilelist",
			);
			runOnlyForDeploymentPostprocessing = 0;
			shellPath = /bin/sh;
			shellScript = "\"${PODS_ROOT}/Target Support Files/Pods-Dubai KMCC-Dubai KMCCUITests/Pods-Dubai KMCC-Dubai KMCCUITests-frameworks.sh\"\n";
			showEnvVarsInLog = 0;
		};
		7331770568B7DA5FBBB26745 /* [CP] Check Pods Manifest.lock */ = {
			isa = PBXShellScriptBuildPhase;
			buildActionMask = 2147483647;
			files = (
			);
			inputFileListPaths = (
			);
			inputPaths = (
				"${PODS_PODFILE_DIR_PATH}/Podfile.lock",
				"${PODS_ROOT}/Manifest.lock",
			);
			name = "[CP] Check Pods Manifest.lock";
			outputFileListPaths = (
			);
			outputPaths = (
				"$(DERIVED_FILE_DIR)/Pods-Dubai KMCC-Dubai KMCCUITests-checkManifestLockResult.txt",
			);
			runOnlyForDeploymentPostprocessing = 0;
			shellPath = /bin/sh;
			shellScript = "diff \"${PODS_PODFILE_DIR_PATH}/Podfile.lock\" \"${PODS_ROOT}/Manifest.lock\" > /dev/null\nif [ $? != 0 ] ; then\n    # print error to STDERR\n    echo \"error: The sandbox is not in sync with the Podfile.lock. Run 'pod install' or update your CocoaPods installation.\" >&2\n    exit 1\nfi\n# This output is used by Xcode 'outputs' to avoid re-running this script phase.\necho \"SUCCESS\" > \"${SCRIPT_OUTPUT_FILE_0}\"\n";
			showEnvVarsInLog = 0;
		};
		7C37B59D7D434B67670ABBA7 /* [CP] Check Pods Manifest.lock */ = {
			isa = PBXShellScriptBuildPhase;
			buildActionMask = 2147483647;
			files = (
			);
			inputFileListPaths = (
			);
			inputPaths = (
				"${PODS_PODFILE_DIR_PATH}/Podfile.lock",
				"${PODS_ROOT}/Manifest.lock",
			);
			name = "[CP] Check Pods Manifest.lock";
			outputFileListPaths = (
			);
			outputPaths = (
				"$(DERIVED_FILE_DIR)/Pods-Dubai KMCCTests-checkManifestLockResult.txt",
			);
			runOnlyForDeploymentPostprocessing = 0;
			shellPath = /bin/sh;
			shellScript = "diff \"${PODS_PODFILE_DIR_PATH}/Podfile.lock\" \"${PODS_ROOT}/Manifest.lock\" > /dev/null\nif [ $? != 0 ] ; then\n    # print error to STDERR\n    echo \"error: The sandbox is not in sync with the Podfile.lock. Run 'pod install' or update your CocoaPods installation.\" >&2\n    exit 1\nfi\n# This output is used by Xcode 'outputs' to avoid re-running this script phase.\necho \"SUCCESS\" > \"${SCRIPT_OUTPUT_FILE_0}\"\n";
			showEnvVarsInLog = 0;
		};
		9EA4EF80DEF783BAED636A30 /* [CP] Embed Pods Frameworks */ = {
			isa = PBXShellScriptBuildPhase;
			buildActionMask = 2147483647;
			files = (
			);
			inputFileListPaths = (
				"${PODS_ROOT}/Target Support Files/Pods-Dubai KMCC/Pods-Dubai KMCC-frameworks-${CONFIGURATION}-input-files.xcfilelist",
			);
			name = "[CP] Embed Pods Frameworks";
			outputFileListPaths = (
				"${PODS_ROOT}/Target Support Files/Pods-Dubai KMCC/Pods-Dubai KMCC-frameworks-${CONFIGURATION}-output-files.xcfilelist",
			);
			runOnlyForDeploymentPostprocessing = 0;
			shellPath = /bin/sh;
			shellScript = "\"${PODS_ROOT}/Target Support Files/Pods-Dubai KMCC/Pods-Dubai KMCC-frameworks.sh\"\n";
			showEnvVarsInLog = 0;
		};
		B6882B7A870BE021CF7FFF13 /* [CP] Check Pods Manifest.lock */ = {
			isa = PBXShellScriptBuildPhase;
			buildActionMask = 2147483647;
			files = (
			);
			inputFileListPaths = (
			);
			inputPaths = (
				"${PODS_PODFILE_DIR_PATH}/Podfile.lock",
				"${PODS_ROOT}/Manifest.lock",
			);
			name = "[CP] Check Pods Manifest.lock";
			outputFileListPaths = (
			);
			outputPaths = (
				"$(DERIVED_FILE_DIR)/Pods-Dubai KMCC-checkManifestLockResult.txt",
			);
			runOnlyForDeploymentPostprocessing = 0;
			shellPath = /bin/sh;
			shellScript = "diff \"${PODS_PODFILE_DIR_PATH}/Podfile.lock\" \"${PODS_ROOT}/Manifest.lock\" > /dev/null\nif [ $? != 0 ] ; then\n    # print error to STDERR\n    echo \"error: The sandbox is not in sync with the Podfile.lock. Run 'pod install' or update your CocoaPods installation.\" >&2\n    exit 1\nfi\n# This output is used by Xcode 'outputs' to avoid re-running this script phase.\necho \"SUCCESS\" > \"${SCRIPT_OUTPUT_FILE_0}\"\n";
			showEnvVarsInLog = 0;
		};
/* End PBXShellScriptBuildPhase section */

/* Begin PBXSourcesBuildPhase section */
		18EF42FF2595B52D00314F02 /* Sources */ = {
			isa = PBXSourcesBuildPhase;
			buildActionMask = 2147483647;
			files = (
				18842999259778D80001F884 /* MyProfileViewController.swift in Sources */,
				188429AE259779380001F884 /* PayRequestViewController.swift in Sources */,
				182245602597391F00A90E0E /* LoginViewController.swift in Sources */,
				1822455325972A4000A90E0E /* NotificationCell.swift in Sources */,
				1822452C25971FB100A90E0E /* GalleryCell.swift in Sources */,
				1822454A25972A1C00A90E0E /* GalleryViewController.swift in Sources */,
				18D22E122599C2CE000011B4 /* ActionCell.swift in Sources */,
				188429862597681A0001F884 /* AboutUsViewController.swift in Sources */,
				1884297C25974D840001F884 /* SignUpViewController.swift in Sources */,
				18EF43672595BC1100314F02 /* AppDelegate.swift in Sources */,
				1822454925972A1C00A90E0E /* NotificationViewController.swift in Sources */,
				18D22E0B2599BBCA000011B4 /* DateHeader.swift in Sources */,
				18842994259778CB0001F884 /* SchemeRegiViewController.swift in Sources */,
				18D22E202599C7CA000011B4 /* PaymentHisCell.swift in Sources */,
				18EF435C2595BB5F00314F02 /* MenuViewController.swift in Sources */,
				188429B32597794D0001F884 /* RenewCardViewController.swift in Sources */,
				1884298125975CB00001F884 /* Constant.swift in Sources */,
				188429A9259779220001F884 /* PaymentHistoryViewController.swift in Sources */,
				1884298F25976C170001F884 /* ForgotPasswordViewController.swift in Sources */,
				18EF438A2595BC4600314F02 /* HomeViewController.swift in Sources */,
				18361358259611E0005C1643 /* Extensions.swift in Sources */,
			);
			runOnlyForDeploymentPostprocessing = 0;
		};
		18EF43152595B53200314F02 /* Sources */ = {
			isa = PBXSourcesBuildPhase;
			buildActionMask = 2147483647;
			files = (
				18EF431E2595B53200314F02 /* Dubai_KMCCTests.swift in Sources */,
			);
			runOnlyForDeploymentPostprocessing = 0;
		};
		18EF43202595B53200314F02 /* Sources */ = {
			isa = PBXSourcesBuildPhase;
			buildActionMask = 2147483647;
			files = (
				18EF43292595B53200314F02 /* Dubai_KMCCUITests.swift in Sources */,
			);
			runOnlyForDeploymentPostprocessing = 0;
		};
/* End PBXSourcesBuildPhase section */

/* Begin PBXTargetDependency section */
		18EF431B2595B53200314F02 /* PBXTargetDependency */ = {
			isa = PBXTargetDependency;
			target = 18EF43022595B52D00314F02 /* Dubai KMCC */;
			targetProxy = 18EF431A2595B53200314F02 /* PBXContainerItemProxy */;
		};
		18EF43262595B53200314F02 /* PBXTargetDependency */ = {
			isa = PBXTargetDependency;
			target = 18EF43022595B52D00314F02 /* Dubai KMCC */;
			targetProxy = 18EF43252595B53200314F02 /* PBXContainerItemProxy */;
		};
/* End PBXTargetDependency section */

/* Begin PBXVariantGroup section */
		18EF430C2595B52D00314F02 /* Main.storyboard */ = {
			isa = PBXVariantGroup;
			children = (
				18EF430D2595B52D00314F02 /* Base */,
			);
			name = Main.storyboard;
			sourceTree = "<group>";
		};
		18EF43112595B53100314F02 /* LaunchScreen.storyboard */ = {
			isa = PBXVariantGroup;
			children = (
				18EF43122595B53100314F02 /* Base */,
			);
			name = LaunchScreen.storyboard;
			sourceTree = "<group>";
		};
/* End PBXVariantGroup section */

/* Begin XCBuildConfiguration section */
		18EF432B2595B53200314F02 /* Debug */ = {
			isa = XCBuildConfiguration;
			buildSettings = {
				ALWAYS_SEARCH_USER_PATHS = NO;
				CLANG_ANALYZER_NONNULL = YES;
				CLANG_ANALYZER_NUMBER_OBJECT_CONVERSION = YES_AGGRESSIVE;
				CLANG_CXX_LANGUAGE_STANDARD = "gnu++14";
				CLANG_CXX_LIBRARY = "libc++";
				CLANG_ENABLE_MODULES = YES;
				CLANG_ENABLE_OBJC_ARC = YES;
				CLANG_ENABLE_OBJC_WEAK = YES;
				CLANG_WARN_BLOCK_CAPTURE_AUTORELEASING = YES;
				CLANG_WARN_BOOL_CONVERSION = YES;
				CLANG_WARN_COMMA = YES;
				CLANG_WARN_CONSTANT_CONVERSION = YES;
				CLANG_WARN_DEPRECATED_OBJC_IMPLEMENTATIONS = YES;
				CLANG_WARN_DIRECT_OBJC_ISA_USAGE = YES_ERROR;
				CLANG_WARN_DOCUMENTATION_COMMENTS = YES;
				CLANG_WARN_EMPTY_BODY = YES;
				CLANG_WARN_ENUM_CONVERSION = YES;
				CLANG_WARN_INFINITE_RECURSION = YES;
				CLANG_WARN_INT_CONVERSION = YES;
				CLANG_WARN_NON_LITERAL_NULL_CONVERSION = YES;
				CLANG_WARN_OBJC_IMPLICIT_RETAIN_SELF = YES;
				CLANG_WARN_OBJC_LITERAL_CONVERSION = YES;
				CLANG_WARN_OBJC_ROOT_CLASS = YES_ERROR;
				CLANG_WARN_QUOTED_INCLUDE_IN_FRAMEWORK_HEADER = YES;
				CLANG_WARN_RANGE_LOOP_ANALYSIS = YES;
				CLANG_WARN_STRICT_PROTOTYPES = YES;
				CLANG_WARN_SUSPICIOUS_MOVE = YES;
				CLANG_WARN_UNGUARDED_AVAILABILITY = YES_AGGRESSIVE;
				CLANG_WARN_UNREACHABLE_CODE = YES;
				CLANG_WARN__DUPLICATE_METHOD_MATCH = YES;
				COPY_PHASE_STRIP = NO;
				DEBUG_INFORMATION_FORMAT = dwarf;
				ENABLE_STRICT_OBJC_MSGSEND = YES;
				ENABLE_TESTABILITY = YES;
				GCC_C_LANGUAGE_STANDARD = gnu11;
				GCC_DYNAMIC_NO_PIC = NO;
				GCC_NO_COMMON_BLOCKS = YES;
				GCC_OPTIMIZATION_LEVEL = 0;
				GCC_PREPROCESSOR_DEFINITIONS = (
					"DEBUG=1",
					"$(inherited)",
				);
				GCC_WARN_64_TO_32_BIT_CONVERSION = YES;
				GCC_WARN_ABOUT_RETURN_TYPE = YES_ERROR;
				GCC_WARN_UNDECLARED_SELECTOR = YES;
				GCC_WARN_UNINITIALIZED_AUTOS = YES_AGGRESSIVE;
				GCC_WARN_UNUSED_FUNCTION = YES;
				GCC_WARN_UNUSED_VARIABLE = YES;
				IPHONEOS_DEPLOYMENT_TARGET = 12.0;
				MTL_ENABLE_DEBUG_INFO = INCLUDE_SOURCE;
				MTL_FAST_MATH = YES;
				ONLY_ACTIVE_ARCH = YES;
				SDKROOT = iphoneos;
				SWIFT_ACTIVE_COMPILATION_CONDITIONS = DEBUG;
				SWIFT_OPTIMIZATION_LEVEL = "-Onone";
			};
			name = Debug;
		};
		18EF432C2595B53200314F02 /* Release */ = {
			isa = XCBuildConfiguration;
			buildSettings = {
				ALWAYS_SEARCH_USER_PATHS = NO;
				CLANG_ANALYZER_NONNULL = YES;
				CLANG_ANALYZER_NUMBER_OBJECT_CONVERSION = YES_AGGRESSIVE;
				CLANG_CXX_LANGUAGE_STANDARD = "gnu++14";
				CLANG_CXX_LIBRARY = "libc++";
				CLANG_ENABLE_MODULES = YES;
				CLANG_ENABLE_OBJC_ARC = YES;
				CLANG_ENABLE_OBJC_WEAK = YES;
				CLANG_WARN_BLOCK_CAPTURE_AUTORELEASING = YES;
				CLANG_WARN_BOOL_CONVERSION = YES;
				CLANG_WARN_COMMA = YES;
				CLANG_WARN_CONSTANT_CONVERSION = YES;
				CLANG_WARN_DEPRECATED_OBJC_IMPLEMENTATIONS = YES;
				CLANG_WARN_DIRECT_OBJC_ISA_USAGE = YES_ERROR;
				CLANG_WARN_DOCUMENTATION_COMMENTS = YES;
				CLANG_WARN_EMPTY_BODY = YES;
				CLANG_WARN_ENUM_CONVERSION = YES;
				CLANG_WARN_INFINITE_RECURSION = YES;
				CLANG_WARN_INT_CONVERSION = YES;
				CLANG_WARN_NON_LITERAL_NULL_CONVERSION = YES;
				CLANG_WARN_OBJC_IMPLICIT_RETAIN_SELF = YES;
				CLANG_WARN_OBJC_LITERAL_CONVERSION = YES;
				CLANG_WARN_OBJC_ROOT_CLASS = YES_ERROR;
				CLANG_WARN_QUOTED_INCLUDE_IN_FRAMEWORK_HEADER = YES;
				CLANG_WARN_RANGE_LOOP_ANALYSIS = YES;
				CLANG_WARN_STRICT_PROTOTYPES = YES;
				CLANG_WARN_SUSPICIOUS_MOVE = YES;
				CLANG_WARN_UNGUARDED_AVAILABILITY = YES_AGGRESSIVE;
				CLANG_WARN_UNREACHABLE_CODE = YES;
				CLANG_WARN__DUPLICATE_METHOD_MATCH = YES;
				COPY_PHASE_STRIP = NO;
				DEBUG_INFORMATION_FORMAT = "dwarf-with-dsym";
				ENABLE_NS_ASSERTIONS = NO;
				ENABLE_STRICT_OBJC_MSGSEND = YES;
				GCC_C_LANGUAGE_STANDARD = gnu11;
				GCC_NO_COMMON_BLOCKS = YES;
				GCC_WARN_64_TO_32_BIT_CONVERSION = YES;
				GCC_WARN_ABOUT_RETURN_TYPE = YES_ERROR;
				GCC_WARN_UNDECLARED_SELECTOR = YES;
				GCC_WARN_UNINITIALIZED_AUTOS = YES_AGGRESSIVE;
				GCC_WARN_UNUSED_FUNCTION = YES;
				GCC_WARN_UNUSED_VARIABLE = YES;
				IPHONEOS_DEPLOYMENT_TARGET = 12.0;
				MTL_ENABLE_DEBUG_INFO = NO;
				MTL_FAST_MATH = YES;
				SDKROOT = iphoneos;
				SWIFT_COMPILATION_MODE = wholemodule;
				SWIFT_OPTIMIZATION_LEVEL = "-O";
				VALIDATE_PRODUCT = YES;
			};
			name = Release;
		};
		18EF432E2595B53200314F02 /* Debug */ = {
			isa = XCBuildConfiguration;
			baseConfigurationReference = FE675B07B1DA881DBBAB96B5 /* Pods-Dubai KMCC.debug.xcconfig */;
			buildSettings = {
				ASSETCATALOG_COMPILER_APPICON_NAME = AppIcon;
				ASSETCATALOG_COMPILER_GLOBAL_ACCENT_COLOR_NAME = AccentColor;
				CODE_SIGN_STYLE = Automatic;
				INFOPLIST_FILE = "Dubai KMCC/Info.plist";
				IPHONEOS_DEPLOYMENT_TARGET = 12.0;
				LD_RUNPATH_SEARCH_PATHS = (
					"$(inherited)",
					"@executable_path/Frameworks",
				);
				PRODUCT_BUNDLE_IDENTIFIER = "com.Dubai-KMCC";
				PRODUCT_NAME = "$(TARGET_NAME)";
				SWIFT_VERSION = 5.0;
				TARGETED_DEVICE_FAMILY = 1;
			};
			name = Debug;
		};
		18EF432F2595B53200314F02 /* Release */ = {
			isa = XCBuildConfiguration;
			baseConfigurationReference = C4E3C7B27EDDA6B2572F4F74 /* Pods-Dubai KMCC.release.xcconfig */;
			buildSettings = {
				ASSETCATALOG_COMPILER_APPICON_NAME = AppIcon;
				ASSETCATALOG_COMPILER_GLOBAL_ACCENT_COLOR_NAME = AccentColor;
				CODE_SIGN_STYLE = Automatic;
				INFOPLIST_FILE = "Dubai KMCC/Info.plist";
				IPHONEOS_DEPLOYMENT_TARGET = 12.0;
				LD_RUNPATH_SEARCH_PATHS = (
					"$(inherited)",
					"@executable_path/Frameworks",
				);
				PRODUCT_BUNDLE_IDENTIFIER = "com.Dubai-KMCC";
				PRODUCT_NAME = "$(TARGET_NAME)";
				SWIFT_VERSION = 5.0;
				TARGETED_DEVICE_FAMILY = 1;
			};
			name = Release;
		};
		18EF43312595B53200314F02 /* Debug */ = {
			isa = XCBuildConfiguration;
			baseConfigurationReference = B4050681E54F63855C968983 /* Pods-Dubai KMCCTests.debug.xcconfig */;
			buildSettings = {
				ALWAYS_EMBED_SWIFT_STANDARD_LIBRARIES = YES;
				BUNDLE_LOADER = "$(TEST_HOST)";
				CODE_SIGN_STYLE = Automatic;
				INFOPLIST_FILE = "Dubai KMCCTests/Info.plist";
				IPHONEOS_DEPLOYMENT_TARGET = 14.2;
				LD_RUNPATH_SEARCH_PATHS = (
					"$(inherited)",
					"@executable_path/Frameworks",
					"@loader_path/Frameworks",
				);
				PRODUCT_BUNDLE_IDENTIFIER = "com.Dubai-KMCCTests";
				PRODUCT_NAME = "$(TARGET_NAME)";
				SWIFT_VERSION = 5.0;
				TARGETED_DEVICE_FAMILY = "1,2";
				TEST_HOST = "$(BUILT_PRODUCTS_DIR)/Dubai KMCC.app/Dubai KMCC";
			};
			name = Debug;
		};
		18EF43322595B53200314F02 /* Release */ = {
			isa = XCBuildConfiguration;
			baseConfigurationReference = DF688CFE497087BF67EB301B /* Pods-Dubai KMCCTests.release.xcconfig */;
			buildSettings = {
				ALWAYS_EMBED_SWIFT_STANDARD_LIBRARIES = YES;
				BUNDLE_LOADER = "$(TEST_HOST)";
				CODE_SIGN_STYLE = Automatic;
				INFOPLIST_FILE = "Dubai KMCCTests/Info.plist";
				IPHONEOS_DEPLOYMENT_TARGET = 14.2;
				LD_RUNPATH_SEARCH_PATHS = (
					"$(inherited)",
					"@executable_path/Frameworks",
					"@loader_path/Frameworks",
				);
				PRODUCT_BUNDLE_IDENTIFIER = "com.Dubai-KMCCTests";
				PRODUCT_NAME = "$(TARGET_NAME)";
				SWIFT_VERSION = 5.0;
				TARGETED_DEVICE_FAMILY = "1,2";
				TEST_HOST = "$(BUILT_PRODUCTS_DIR)/Dubai KMCC.app/Dubai KMCC";
			};
			name = Release;
		};
		18EF43342595B53200314F02 /* Debug */ = {
			isa = XCBuildConfiguration;
			baseConfigurationReference = 7D6F7B7A171F0BF53C586FD2 /* Pods-Dubai KMCC-Dubai KMCCUITests.debug.xcconfig */;
			buildSettings = {
				ALWAYS_EMBED_SWIFT_STANDARD_LIBRARIES = YES;
				CODE_SIGN_STYLE = Automatic;
				INFOPLIST_FILE = "Dubai KMCCUITests/Info.plist";
				LD_RUNPATH_SEARCH_PATHS = (
					"$(inherited)",
					"@executable_path/Frameworks",
					"@loader_path/Frameworks",
				);
				PRODUCT_BUNDLE_IDENTIFIER = "com.Dubai-KMCCUITests";
				PRODUCT_NAME = "$(TARGET_NAME)";
				SWIFT_VERSION = 5.0;
				TARGETED_DEVICE_FAMILY = "1,2";
				TEST_TARGET_NAME = "Dubai KMCC";
			};
			name = Debug;
		};
		18EF43352595B53200314F02 /* Release */ = {
			isa = XCBuildConfiguration;
			baseConfigurationReference = 12625783B367B3F8A6D0F47D /* Pods-Dubai KMCC-Dubai KMCCUITests.release.xcconfig */;
			buildSettings = {
				ALWAYS_EMBED_SWIFT_STANDARD_LIBRARIES = YES;
				CODE_SIGN_STYLE = Automatic;
				INFOPLIST_FILE = "Dubai KMCCUITests/Info.plist";
				LD_RUNPATH_SEARCH_PATHS = (
					"$(inherited)",
					"@executable_path/Frameworks",
					"@loader_path/Frameworks",
				);
				PRODUCT_BUNDLE_IDENTIFIER = "com.Dubai-KMCCUITests";
				PRODUCT_NAME = "$(TARGET_NAME)";
				SWIFT_VERSION = 5.0;
				TARGETED_DEVICE_FAMILY = "1,2";
				TEST_TARGET_NAME = "Dubai KMCC";
			};
			name = Release;
		};
/* End XCBuildConfiguration section */

/* Begin XCConfigurationList section */
		18EF42FE2595B52D00314F02 /* Build configuration list for PBXProject "Dubai KMCC" */ = {
			isa = XCConfigurationList;
			buildConfigurations = (
				18EF432B2595B53200314F02 /* Debug */,
				18EF432C2595B53200314F02 /* Release */,
			);
			defaultConfigurationIsVisible = 0;
			defaultConfigurationName = Release;
		};
		18EF432D2595B53200314F02 /* Build configuration list for PBXNativeTarget "Dubai KMCC" */ = {
			isa = XCConfigurationList;
			buildConfigurations = (
				18EF432E2595B53200314F02 /* Debug */,
				18EF432F2595B53200314F02 /* Release */,
			);
			defaultConfigurationIsVisible = 0;
			defaultConfigurationName = Release;
		};
		18EF43302595B53200314F02 /* Build configuration list for PBXNativeTarget "Dubai KMCCTests" */ = {
			isa = XCConfigurationList;
			buildConfigurations = (
				18EF43312595B53200314F02 /* Debug */,
				18EF43322595B53200314F02 /* Release */,
			);
			defaultConfigurationIsVisible = 0;
			defaultConfigurationName = Release;
		};
		18EF43332595B53200314F02 /* Build configuration list for PBXNativeTarget "Dubai KMCCUITests" */ = {
			isa = XCConfigurationList;
			buildConfigurations = (
				18EF43342595B53200314F02 /* Debug */,
				18EF43352595B53200314F02 /* Release */,
			);
			defaultConfigurationIsVisible = 0;
			defaultConfigurationName = Release;
		};
/* End XCConfigurationList section */
	};
	rootObject = 18EF42FB2595B52D00314F02 /* Project object */;
}
